// !$*UTF8*$!
{
	archiveVersion = 1;
	classes = {
	};
	objectVersion = 46;
	objects = {

/* Begin PBXBuildFile section */
		A526B6E81C3FD5800015A887 /* main.m in Sources */ = {isa = PBXBuildFile; fileRef = A526B6E71C3FD5800015A887 /* main.m */; };
		A526B6EB1C3FD5800015A887 /* AppDelegate.m in Sources */ = {isa = PBXBuildFile; fileRef = A526B6EA1C3FD5800015A887 /* AppDelegate.m */; };
		A526B6EE1C3FD5800015A887 /* ViewController.m in Sources */ = {isa = PBXBuildFile; fileRef = A526B6ED1C3FD5800015A887 /* ViewController.m */; };
		A526B6F11C3FD5800015A887 /* Main.storyboard in Resources */ = {isa = PBXBuildFile; fileRef = A526B6EF1C3FD5800015A887 /* Main.storyboard */; };
		A526B6F31C3FD5800015A887 /* Assets.xcassets in Resources */ = {isa = PBXBuildFile; fileRef = A526B6F21C3FD5800015A887 /* Assets.xcassets */; };
		A526B6F61C3FD5800015A887 /* LaunchScreen.storyboard in Resources */ = {isa = PBXBuildFile; fileRef = A526B6F41C3FD5800015A887 /* LaunchScreen.storyboard */; };
		A526B7011C3FD5810015A887 /* upLoadImageTests.m in Sources */ = {isa = PBXBuildFile; fileRef = A526B7001C3FD5810015A887 /* upLoadImageTests.m */; };
/* End PBXBuildFile section */

/* Begin PBXContainerItemProxy section */
		A526B6FD1C3FD5810015A887 /* PBXContainerItemProxy */ = {
			isa = PBXContainerItemProxy;
			containerPortal = A526B6DB1C3FD57F0015A887 /* Project object */;
			proxyType = 1;
			remoteGlobalIDString = A526B6E21C3FD57F0015A887;
			remoteInfo = upLoadImage;
		};
/* End PBXContainerItemProxy section */

/* Begin PBXFileReference section */
		A526B6E31C3FD57F0015A887 /* upLoadImage.app */ = {isa = PBXFileReference; explicitFileType = wrapper.application; includeInIndex = 0; path = upLoadImage.app; sourceTree = BUILT_PRODUCTS_DIR; };
		A526B6E71C3FD5800015A887 /* main.m */ = {isa = PBXFileReference; lastKnownFileType = sourcecode.c.objc; path = main.m; sourceTree = "<group>"; };
		A526B6E91C3FD5800015A887 /* AppDelegate.h */ = {isa = PBXFileReference; lastKnownFileType = sourcecode.c.h; path = AppDelegate.h; sourceTree = "<group>"; };
		A526B6EA1C3FD5800015A887 /* AppDelegate.m */ = {isa = PBXFileReference; lastKnownFileType = sourcecode.c.objc; path = AppDelegate.m; sourceTree = "<group>"; };
		A526B6EC1C3FD5800015A887 /* ViewController.h */ = {isa = PBXFileReference; lastKnownFileType = sourcecode.c.h; path = ViewController.h; sourceTree = "<group>"; };
		A526B6ED1C3FD5800015A887 /* ViewController.m */ = {isa = PBXFileReference; lastKnownFileType = sourcecode.c.objc; path = ViewController.m; sourceTree = "<group>"; };
		A526B6F01C3FD5800015A887 /* Base */ = {isa = PBXFileReference; lastKnownFileType = file.storyboard; name = Base; path = Base.lproj/Main.storyboard; sourceTree = "<group>"; };
		A526B6F21C3FD5800015A887 /* Assets.xcassets */ = {isa = PBXFileReference; lastKnownFileType = folder.assetcatalog; path = Assets.xcassets; sourceTree = "<group>"; };
		A526B6F51C3FD5800015A887 /* Base */ = {isa = PBXFileReference; lastKnownFileType = file.storyboard; name = Base; path = Base.lproj/LaunchScreen.storyboard; sourceTree = "<group>"; };
		A526B6F71C3FD5800015A887 /* Info.plist */ = {isa = PBXFileReference; lastKnownFileType = text.plist.xml; path = Info.plist; sourceTree = "<group>"; };
		A526B6FC1C3FD5810015A887 /* upLoadImageTests.xctest */ = {isa = PBXFileReference; explicitFileType = wrapper.cfbundle; includeInIndex = 0; path = upLoadImageTests.xctest; sourceTree = BUILT_PRODUCTS_DIR; };
		A526B7001C3FD5810015A887 /* upLoadImageTests.m */ = {isa = PBXFileReference; lastKnownFileType = sourcecode.c.objc; path = upLoadImageTests.m; sourceTree = "<group>"; };
		A526B7021C3FD5810015A887 /* Info.plist */ = {isa = PBXFileReference; lastKnownFileType = text.plist.xml; path = Info.plist; sourceTree = "<group>"; };
/* End PBXFileReference section */

/* Begin PBXFrameworksBuildPhase section */
		A526B6E01C3FD57F0015A887 /* Frameworks */ = {
			isa = PBXFrameworksBuildPhase;
			buildActionMask = 2147483647;
			files = (
			);
			runOnlyForDeploymentPostprocessing = 0;
		};
		A526B6F91C3FD5810015A887 /* Frameworks */ = {
			isa = PBXFrameworksBuildPhase;
			buildActionMask = 2147483647;
			files = (
			);
			runOnlyForDeploymentPostprocessing = 0;
		};
/* End PBXFrameworksBuildPhase section */

/* Begin PBXGroup section */
		A526B6DA1C3FD57F0015A887 = {
			isa = PBXGroup;
			children = (
				A526B6E51C3FD57F0015A887 /* upLoadImage */,
				A526B6FF1C3FD5810015A887 /* upLoadImageTests */,
				A526B6E41C3FD57F0015A887 /* Products */,
			);
			sourceTree = "<group>";
		};
		A526B6E41C3FD57F0015A887 /* Products */ = {
			isa = PBXGroup;
			children = (
				A526B6E31C3FD57F0015A887 /* upLoadImage.app */,
				A526B6FC1C3FD5810015A887 /* upLoadImageTests.xctest */,
			);
			name = Products;
			sourceTree = "<group>";
		};
		A526B6E51C3FD57F0015A887 /* upLoadImage */ = {
			isa = PBXGroup;
			children = (
				A526B6E91C3FD5800015A887 /* AppDelegate.h */,
				A526B6EA1C3FD5800015A887 /* AppDelegate.m */,
				A526B6EC1C3FD5800015A887 /* ViewController.h */,
				A526B6ED1C3FD5800015A887 /* ViewController.m */,
				A526B6EF1C3FD5800015A887 /* Main.storyboard */,
				A526B6F21C3FD5800015A887 /* Assets.xcassets */,
				A526B6F41C3FD5800015A887 /* LaunchScreen.storyboard */,
				A526B6F71C3FD5800015A887 /* Info.plist */,
				A526B6E61C3FD5800015A887 /* Supporting Files */,
			);
			path = upLoadImage;
			sourceTree = "<group>";
		};
		A526B6E61C3FD5800015A887 /* Supporting Files */ = {
			isa = PBXGroup;
			children = (
				A526B6E71C3FD5800015A887 /* main.m */,
			);
			name = "Supporting Files";
			sourceTree = "<group>";
		};
		A526B6FF1C3FD5810015A887 /* upLoadImageTests */ = {
			isa = PBXGroup;
			children = (
				A526B7001C3FD5810015A887 /* upLoadImageTests.m */,
				A526B7021C3FD5810015A887 /* Info.plist */,
			);
			path = upLoadImageTests;
			sourceTree = "<group>";
		};
/* End PBXGroup section */

/* Begin PBXNativeTarget section */
		A526B6E21C3FD57F0015A887 /* upLoadImage */ = {
			isa = PBXNativeTarget;
			buildConfigurationList = A526B7051C3FD5810015A887 /* Build configuration list for PBXNativeTarget "upLoadImage" */;
			buildPhases = (
				A526B6DF1C3FD57F0015A887 /* Sources */,
				A526B6E01C3FD57F0015A887 /* Frameworks */,
				A526B6E11C3FD57F0015A887 /* Resources */,
			);
			buildRules = (
			);
			dependencies = (
			);
			name = upLoadImage;
			productName = upLoadImage;
			productReference = A526B6E31C3FD57F0015A887 /* upLoadImage.app */;
			productType = "com.apple.product-type.application";
		};
		A526B6FB1C3FD5810015A887 /* upLoadImageTests */ = {
			isa = PBXNativeTarget;
			buildConfigurationList = A526B7081C3FD5810015A887 /* Build configuration list for PBXNativeTarget "upLoadImageTests" */;
			buildPhases = (
				A526B6F81C3FD5810015A887 /* Sources */,
				A526B6F91C3FD5810015A887 /* Frameworks */,
				A526B6FA1C3FD5810015A887 /* Resources */,
			);
			buildRules = (
			);
			dependencies = (
				A526B6FE1C3FD5810015A887 /* PBXTargetDependency */,
			);
			name = upLoadImageTests;
			productName = upLoadImageTests;
			productReference = A526B6FC1C3FD5810015A887 /* upLoadImageTests.xctest */;
			productType = "com.apple.product-type.bundle.unit-test";
		};
/* End PBXNativeTarget section */

/* Begin PBXProject section */
		A526B6DB1C3FD57F0015A887 /* Project object */ = {
			isa = PBXProject;
			attributes = {
				LastUpgradeCheck = 0710;
				ORGANIZATIONNAME = niit;
				TargetAttributes = {
					A526B6E21C3FD57F0015A887 = {
						CreatedOnToolsVersion = 7.1.1;
					};
					A526B6FB1C3FD5810015A887 = {
						CreatedOnToolsVersion = 7.1.1;
						TestTargetID = A526B6E21C3FD57F0015A887;
					};
				};
			};
			buildConfigurationList = A526B6DE1C3FD57F0015A887 /* Build configuration list for PBXProject "upLoadImage" */;
			compatibilityVersion = "Xcode 3.2";
			developmentRegion = English;
			hasScannedForEncodings = 0;
			knownRegions = (
				en,
				Base,
			);
			mainGroup = A526B6DA1C3FD57F0015A887;
			productRefGroup = A526B6E41C3FD57F0015A887 /* Products */;
			projectDirPath = "";
			projectRoot = "";
			targets = (
				A526B6E21C3FD57F0015A887 /* upLoadImage */,
				A526B6FB1C3FD5810015A887 /* upLoadImageTests */,
			);
		};
/* End PBXProject section */

/* Begin PBXResourcesBuildPhase section */
		A526B6E11C3FD57F0015A887 /* Resources */ = {
			isa = PBXResourcesBuildPhase;
			buildActionMask = 2147483647;
			files = (
				A526B6F61C3FD5800015A887 /* LaunchScreen.storyboard in Resources */,
				A526B6F31C3FD5800015A887 /* Assets.xcassets in Resources */,
				A526B6F11C3FD5800015A887 /* Main.storyboard in Resources */,
			);
			runOnlyForDeploymentPostprocessing = 0;
		};
		A526B6FA1C3FD5810015A887 /* Resources */ = {
			isa = PBXResourcesBuildPhase;
			buildActionMask = 2147483647;
			files = (
			);
			runOnlyForDeploymentPostprocessing = 0;
		};
/* End PBXResourcesBuildPhase section */

/* Begin PBXSourcesBuildPhase section */
		A526B6DF1C3FD57F0015A887 /* Sources */ = {
			isa = PBXSourcesBuildPhase;
			buildActionMask = 2147483647;
			files = (
				A526B6EE1C3FD5800015A887 /* ViewController.m in Sources */,
				A526B6EB1C3FD5800015A887 /* AppDelegate.m in Sources */,
				A526B6E81C3FD5800015A887 /* main.m in Sources */,
			);
			runOnlyForDeploymentPostprocessing = 0;
		};
		A526B6F81C3FD5810015A887 /* Sources */ = {
			isa = PBXSourcesBuildPhase;
			buildActionMask = 2147483647;
			files = (
				A526B7011C3FD5810015A887 /* upLoadImageTests.m in Sources */,
			);
			runOnlyForDeploymentPostprocessing = 0;
		};
/* End PBXSourcesBuildPhase section */

/* Begin PBXTargetDependency section */
		A526B6FE1C3FD5810015A887 /* PBXTargetDependency */ = {
			isa = PBXTargetDependency;
			target = A526B6E21C3FD57F0015A887 /* upLoadImage */;
			targetProxy = A526B6FD1C3FD5810015A887 /* PBXContainerItemProxy */;
		};
/* End PBXTargetDependency section */

/* Begin PBXVariantGroup section */
		A526B6EF1C3FD5800015A887 /* Main.storyboard */ = {
			isa = PBXVariantGroup;
			children = (
				A526B6F01C3FD5800015A887 /* Base */,
			);
			name = Main.storyboard;
			sourceTree = "<group>";
		};
		A526B6F41C3FD5800015A887 /* LaunchScreen.storyboard */ = {
			isa = PBXVariantGroup;
			children = (
				A526B6F51C3FD5800015A887 /* Base */,
			);
			name = LaunchScreen.storyboard;
			sourceTree = "<group>";
		};
/* End PBXVariantGroup section */

/* Begin XCBuildConfiguration section */
		A526B7031C3FD5810015A887 /* Debug */ = {
			isa = XCBuildConfiguration;
			buildSettings = {
				ALWAYS_SEARCH_USER_PATHS = NO;
				CLANG_CXX_LANGUAGE_STANDARD = "gnu++0x";
				CLANG_CXX_LIBRARY = "libc++";
				CLANG_ENABLE_MODULES = YES;
				CLANG_ENABLE_OBJC_ARC = YES;
				CLANG_WARN_BOOL_CONVERSION = YES;
				CLANG_WARN_CONSTANT_CONVERSION = YES;
				CLANG_WARN_DIRECT_OBJC_ISA_USAGE = YES_ERROR;
				CLANG_WARN_EMPTY_BODY = YES;
				CLANG_WARN_ENUM_CONVERSION = YES;
				CLANG_WARN_INT_CONVERSION = YES;
				CLANG_WARN_OBJC_ROOT_CLASS = YES_ERROR;
				CLANG_WARN_UNREACHABLE_CODE = YES;
				CLANG_WARN__DUPLICATE_METHOD_MATCH = YES;
				"CODE_SIGN_IDENTITY[sdk=iphoneos*]" = "iPhone Developer";
				COPY_PHASE_STRIP = NO;
				DEBUG_INFORMATION_FORMAT = dwarf;
				ENABLE_STRICT_OBJC_MSGSEND = YES;
				ENABLE_TESTABILITY = YES;
				GCC_C_LANGUAGE_STANDARD = gnu99;
				GCC_DYNAMIC_NO_PIC = NO;
				GCC_NO_COMMON_BLOCKS = YES;
				GCC_OPTIMIZATION_LEVEL = 0;
				GCC_PREPROCESSOR_DEFINITIONS = (
					"DEBUG=1",
					"$(inherited)",
				);
				GCC_WARN_64_TO_32_BIT_CONVERSION = YES;
				GCC_WARN_ABOUT_RETURN_TYPE = YES_ERROR;
				GCC_WARN_UNDECLARED_SELECTOR = YES;
				GCC_WARN_UNINITIALIZED_AUTOS = YES_AGGRESSIVE;
				GCC_WARN_UNUSED_FUNCTION = YES;
				GCC_WARN_UNUSED_VARIABLE = YES;
				IPHONEOS_DEPLOYMENT_TARGET = 9.1;
				MTL_ENABLE_DEBUG_INFO = YES;
				ONLY_ACTIVE_ARCH = YES;
				SDKROOT = iphoneos;
			};
			name = Debug;
		};
		A526B7041C3FD5810015A887 /* Release */ = {
			isa = XCBuildConfiguration;
			buildSettings = {
				ALWAYS_SEARCH_USER_PATHS = NO;
				CLANG_CXX_LANGUAGE_STANDARD = "gnu++0x";
				CLANG_CXX_LIBRARY = "libc++";
				CLANG_ENABLE_MODULES = YES;
				CLANG_ENABLE_OBJC_ARC = YES;
				CLANG_WARN_BOOL_CONVERSION = YES;
				CLANG_WARN_CONSTANT_CONVERSION = YES;
				CLANG_WARN_DIRECT_OBJC_ISA_USAGE = YES_ERROR;
				CLANG_WARN_EMPTY_BODY = YES;
				CLANG_WARN_ENUM_CONVERSION = YES;
				CLANG_WARN_INT_CONVERSION = YES;
				CLANG_WARN_OBJC_ROOT_CLASS = YES_ERROR;
				CLANG_WARN_UNREACHABLE_CODE = YES;
				CLANG_WARN__DUPLICATE_METHOD_MATCH = YES;
				"CODE_SIGN_IDENTITY[sdk=iphoneos*]" = "iPhone Developer";
				COPY_PHASE_STRIP = NO;
				DEBUG_INFORMATION_FORMAT = "dwarf-with-dsym";
				ENABLE_NS_ASSERTIONS = NO;
				ENABLE_STRICT_OBJC_MSGSEND = YES;
				GCC_C_LANGUAGE_STANDARD = gnu99;
				GCC_NO_COMMON_BLOCKS = YES;
				GCC_WARN_64_TO_32_BIT_CONVERSION = YES;
				GCC_WARN_ABOUT_RETURN_TYPE = YES_ERROR;
				GCC_WARN_UNDECLARED_SELECTOR = YES;
				GCC_WARN_UNINITIALIZED_AUTOS = YES_AGGRESSIVE;
				GCC_WARN_UNUSED_FUNCTION = YES;
				GCC_WARN_UNUSED_VARIABLE = YES;
				IPHONEOS_DEPLOYMENT_TARGET = 9.1;
				MTL_ENABLE_DEBUG_INFO = NO;
				SDKROOT = iphoneos;
				VALIDATE_PRODUCT = YES;
			};
			name = Release;
		};
		A526B7061C3FD5810015A887 /* Debug */ = {
			isa = XCBuildConfiguration;
			buildSettings = {
				ASSETCATALOG_COMPILER_APPICON_NAME = AppIcon;
				INFOPLIST_FILE = upLoadImage/Info.plist;
				LD_RUNPATH_SEARCH_PATHS = "$(inherited) @executable_path/Frameworks";
				PRODUCT_BUNDLE_IDENTIFIER = niit.com.upLoadImage;
				PRODUCT_NAME = "$(TARGET_NAME)";
			};
			name = Debug;
		};
		A526B7071C3FD5810015A887 /* Release */ = {
			isa = XCBuildConfiguration;
			buildSettings = {
				ASSETCATALOG_COMPILER_APPICON_NAME = AppIcon;
				INFOPLIST_FILE = upLoadImage/Info.plist;
				LD_RUNPATH_SEARCH_PATHS = "$(inherited) @executable_path/Frameworks";
				PRODUCT_BUNDLE_IDENTIFIER = niit.com.upLoadImage;
				PRODUCT_NAME = "$(TARGET_NAME)";
			};
			name = Release;
		};
		A526B7091C3FD5810015A887 /* Debug */ = {
			isa = XCBuildConfiguration;
			buildSettings = {
				BUNDLE_LOADER = "$(TEST_HOST)";
				INFOPLIST_FILE = upLoadImageTests/Info.plist;
				LD_RUNPATH_SEARCH_PATHS = "$(inherited) @executable_path/Frameworks @loader_path/Frameworks";
				PRODUCT_BUNDLE_IDENTIFIER = niit.com.upLoadImageTests;
				PRODUCT_NAME = "$(TARGET_NAME)";
				TEST_HOST = "$(BUILT_PRODUCTS_DIR)/upLoadImage.app/upLoadImage";
			};
			name = Debug;
		};
		A526B70A1C3FD5810015A887 /* Release */ = {
			isa = XCBuildConfiguration;
			buildSettings = {
				BUNDLE_LOADER = "$(TEST_HOST)";
				INFOPLIST_FILE = upLoadImageTests/Info.plist;
				LD_RUNPATH_SEARCH_PATHS = "$(inherited) @executable_path/Frameworks @loader_path/Frameworks";
				PRODUCT_BUNDLE_IDENTIFIER = niit.com.upLoadImageTests;
				PRODUCT_NAME = "$(TARGET_NAME)";
				TEST_HOST = "$(BUILT_PRODUCTS_DIR)/upLoadImage.app/upLoadImage";
			};
			name = Release;
		};
/* End XCBuildConfiguration section */

/* Begin XCConfigurationList section */
		A526B6DE1C3FD57F0015A887 /* Build configuration list for PBXProject "upLoadImage" */ = {
			isa = XCConfigurationList;
			buildConfigurations = (
				A526B7031C3FD5810015A887 /* Debug */,
				A526B7041C3FD5810015A887 /* Release */,
			);
			defaultConfigurationIsVisible = 0;
			defaultConfigurationName = Release;
		};
		A526B7051C3FD5810015A887 /* Build configuration list for PBXNativeTarget "upLoadImage" */ = {
			isa = XCConfigurationList;
			buildConfigurations = (
				A526B7061C3FD5810015A887 /* Debug */,
				A526B7071C3FD5810015A887 /* Release */,
			);
			defaultConfigurationIsVisible = 0;
		};
		A526B7081C3FD5810015A887 /* Build configuration list for PBXNativeTarget "upLoadImageTests" */ = {
			isa = XCConfigurationList;
			buildConfigurations = (
				A526B7091C3FD5810015A887 /* Debug */,
				A526B70A1C3FD5810015A887 /* Release */,
			);
			defaultConfigurationIsVisible = 0;
		};
/* End XCConfigurationList section */
	};
	rootObject = A526B6DB1C3FD57F0015A887 /* Project object */;
}
